
Microsoft Visual Studio Solution File, Format Version 12.00
# Visual Studio Version 17
VisualStudioVersion = 17.2.32602.215
MinimumVisualStudioVersion = 10.0.40219.1
Project("{9A19103F-16F7-4668-BE54-9A1E7A4F7556}") = "TheJanitor", "TheJanitor.csproj", "{E2FCBFED-B1D7-4C8F-8286-A97B06563F43}"
EndProject
Global
	GlobalSection(SolutionConfigurationPlatforms) = preSolution
		Debug|Any CPU = Debug|Any CPU
		Release|Any CPU = Release|Any CPU
	EndGlobalSection
	GlobalSection(ProjectConfigurationPlatforms) = postSolution
		{E2FCBFED-B1D7-4C8F-8286-A97B06563F43}.Debug|Any CPU.ActiveCfg = Release|Any CPU
		{E2FCBFED-B1D7-4C8F-8286-A97B06563F43}.Debug|Any CPU.Build.0 = Release|Any CPU
		{E2FCBFED-B1D7-4C8F-8286-A97B06563F43}.Release|Any CPU.ActiveCfg = Release|Any CPU
		{E2FCBFED-B1D7-4C8F-8286-A97B06563F43}.Release|Any CPU.Build.0 = Release|Any CPU
	EndGlobalSection
	GlobalSection(SolutionProperties) = preSolution
		HideSolutionNode = FALSE
	EndGlobalSection
	GlobalSection(ExtensibilityGlobals) = postSolution
		SolutionGuid = {EA221428-2242-4371-8B1C-CA98465B10F6}
	EndGlobalSection
EndGlobal
